{
  "version": 4,
  "terraform_version": "1.12.1",
  "serial": 3,
  "lineage": "843dd4cd-dfd0-f32a-d5d8-35a4c7989c73",
  "outputs": {
    "additional_databases": {
      "value": [
        "search_db"
      ],
      "type": [
        "tuple",
        [
          "string"
        ]
      ]
    },
    "rds_address": {
      "value": "travelhub-dev-authservice.cwfag2842c2y.us-east-1.rds.amazonaws.com",
      "type": "string"
    },
    "rds_db_name": {
      "value": "authservice_db",
      "type": "string"
    },
    "rds_engine": {
      "value": "postgres",
      "type": "string"
    },
    "rds_port": {
      "value": 5432,
      "type": "number"
    },
    "secrets_manager_secret_arn": {
      "value": "arn:aws:secretsmanager:us-east-1:392789866980:secret:travelhub/dev/authservice/db-credentials56136a2a-U6c3k2",
      "type": "string"
    }
  },
  "resources": [
    {
      "mode": "managed",
      "type": "postgresql_database",
      "name": "additional_databases",
      "provider": "provider[\"registry.terraform.io/cyrilgdn/postgresql\"]",
      "instances": [
        {
          "index_key": "search_db",
          "schema_version": 0,
          "attributes": {
            "allow_connections": true,
            "alter_object_ownership": false,
            "connection_limit": -1,
            "encoding": "UTF8",
            "id": "search_db",
            "is_template": false,
            "lc_collate": "en_US.UTF-8",
            "lc_ctype": "en_US.UTF-8",
            "name": "search_db",
            "owner": "travelhub",
            "tablespace_name": "pg_default",
            "template": "template0"
          },
          "sensitive_attributes": [
            [
              {
                "type": "get_attr",
                "value": "owner"
              }
            ]
          ],
          "identity_schema_version": 0,
          "private": "bnVsbA==",
          "dependencies": [
            "module.rds.aws_db_instance.mi_rds_postgres",
            "module.rds.aws_db_subnet_group.rds_subnet_group",
            "module.rds.aws_security_group.rds_sg",
            "module.rds.data.aws_subnets.all",
            "module.rds.data.aws_vpc.default"
          ]
        }
      ]
    },
    {
      "module": "module.rds",
      "mode": "data",
      "type": "aws_subnets",
      "name": "all",
      "provider": "provider[\"registry.terraform.io/hashicorp/aws\"]",
      "instances": [
        {
          "schema_version": 0,
          "attributes": {
            "filter": [
              {
                "name": "availability-zone",
                "values": [
                  "us-east-1a",
                  "us-east-1b",
                  "us-east-1c",
                  "us-east-1d"
                ]
              },
              {
                "name": "vpc-id",
                "values": [
                  "vpc-0793a4fe4ecc90aec"
                ]
              }
            ],
            "id": "us-east-1",
            "ids": [
              "subnet-085716ca62b482473",
              "subnet-072a1bac7455c1476",
              "subnet-0612f6b53a6445dd4",
              "subnet-037275ebe798d3f49"
            ],
            "tags": null,
            "timeouts": null
          },
          "sensitive_attributes": [],
          "identity_schema_version": 0
        }
      ]
    },
    {
      "module": "module.rds",
      "mode": "data",
      "type": "aws_vpc",
      "name": "default",
      "provider": "provider[\"registry.terraform.io/hashicorp/aws\"]",
      "instances": [
        {
          "schema_version": 0,
          "attributes": {
            "arn": "arn:aws:ec2:us-east-1:392789866980:vpc/vpc-0793a4fe4ecc90aec",
            "cidr_block": "172.31.0.0/16",
            "cidr_block_associations": [
              {
                "association_id": "vpc-cidr-assoc-0bc31930f942bc596",
                "cidr_block": "172.31.0.0/16",
                "state": "associated"
              }
            ],
            "default": true,
            "dhcp_options_id": "dopt-087ee555feb048c2f",
            "enable_dns_hostnames": true,
            "enable_dns_support": true,
            "enable_network_address_usage_metrics": false,
            "filter": null,
            "id": "vpc-0793a4fe4ecc90aec",
            "instance_tenancy": "default",
            "ipv6_association_id": "",
            "ipv6_cidr_block": "",
            "main_route_table_id": "rtb-0d0b2a29711348bcd",
            "owner_id": "392789866980",
            "state": null,
            "tags": {},
            "timeouts": null
          },
          "sensitive_attributes": [],
          "identity_schema_version": 0
        }
      ]
    },
    {
      "module": "module.rds",
      "mode": "managed",
      "type": "aws_db_instance",
      "name": "mi_rds_postgres",
      "provider": "provider[\"registry.terraform.io/hashicorp/aws\"]",
      "instances": [
        {
          "schema_version": 2,
          "attributes": {
            "address": "travelhub-dev-authservice.cwfag2842c2y.us-east-1.rds.amazonaws.com",
            "allocated_storage": 20,
            "allow_major_version_upgrade": null,
            "apply_immediately": false,
            "arn": "arn:aws:rds:us-east-1:392789866980:db:travelhub-dev-authservice",
            "auto_minor_version_upgrade": true,
            "availability_zone": "us-east-1d",
            "backup_retention_period": 1,
            "backup_target": "region",
            "backup_window": "04:10-04:40",
            "blue_green_update": [],
            "ca_cert_identifier": "rds-ca-rsa2048-g1",
            "character_set_name": "",
            "copy_tags_to_snapshot": false,
            "custom_iam_instance_profile": "",
            "customer_owned_ip_enabled": false,
            "database_insights_mode": "standard",
            "db_name": "authservice_db",
            "db_subnet_group_name": "travelhub-dev-authservice-subnet-group",
            "dedicated_log_volume": false,
            "delete_automated_backups": true,
            "deletion_protection": false,
            "domain": "",
            "domain_auth_secret_arn": "",
            "domain_dns_ips": [],
            "domain_fqdn": "",
            "domain_iam_role_name": "",
            "domain_ou": "",
            "enabled_cloudwatch_logs_exports": [],
            "endpoint": "travelhub-dev-authservice.cwfag2842c2y.us-east-1.rds.amazonaws.com:5432",
            "engine": "postgres",
            "engine_lifecycle_support": "open-source-rds-extended-support",
            "engine_version": "17.4",
            "engine_version_actual": "17.4",
            "final_snapshot_identifier": null,
            "hosted_zone_id": "Z2R2ITUGPM61AM",
            "iam_database_authentication_enabled": false,
            "id": "db-AYF5NMWRHCWNHPC5TKOCLRCOHE",
            "identifier": "travelhub-dev-authservice",
            "identifier_prefix": "",
            "instance_class": "db.t3.micro",
            "iops": 3000,
            "kms_key_id": "",
            "latest_restorable_time": "2026-04-09T22:24:33Z",
            "license_model": "postgresql-license",
            "listener_endpoint": [],
            "maintenance_window": "tue:09:07-tue:09:37",
            "manage_master_user_password": null,
            "master_user_secret": [],
            "master_user_secret_kms_key_id": null,
            "max_allocated_storage": 0,
            "monitoring_interval": 0,
            "monitoring_role_arn": "",
            "multi_az": false,
            "nchar_character_set_name": "",
            "network_type": "IPV4",
            "option_group_name": "default:postgres-17",
            "parameter_group_name": "default.postgres17",
            "password": "Grupo12.2026",
            "password_wo": null,
            "password_wo_version": null,
            "performance_insights_enabled": false,
            "performance_insights_kms_key_id": "",
            "performance_insights_retention_period": 0,
            "port": 5432,
            "publicly_accessible": true,
            "replica_mode": "",
            "replicas": [],
            "replicate_source_db": "",
            "resource_id": "db-AYF5NMWRHCWNHPC5TKOCLRCOHE",
            "restore_to_point_in_time": [],
            "s3_import": [],
            "skip_final_snapshot": true,
            "snapshot_identifier": null,
            "status": "available",
            "storage_encrypted": false,
            "storage_throughput": 125,
            "storage_type": "gp3",
            "tags": {},
            "tags_all": {
              "owner": "grupo12",
              "terraform": "true"
            },
            "timeouts": null,
            "timezone": "",
            "upgrade_storage_config": null,
            "username": "travelhub",
            "vpc_security_group_ids": [
              "sg-0dcd3e8b1b2b2cd36"
            ]
          },
          "sensitive_attributes": [
            [
              {
                "type": "get_attr",
                "value": "password"
              }
            ],
            [
              {
                "type": "get_attr",
                "value": "password_wo"
              }
            ],
            [
              {
                "type": "get_attr",
                "value": "username"
              }
            ]
          ],
          "identity_schema_version": 0,
          "private": "eyJlMmJmYjczMC1lY2FhLTExZTYtOGY4OC0zNDM2M2JjN2M0YzAiOnsiY3JlYXRlIjozMDAwMDAwMDAwMDAwLCJkZWxldGUiOjM2MDAwMDAwMDAwMDAsInVwZGF0ZSI6NDgwMDAwMDAwMDAwMH0sInNjaGVtYV92ZXJzaW9uIjoiMiJ9",
          "dependencies": [
            "module.rds.aws_db_subnet_group.rds_subnet_group",
            "module.rds.aws_security_group.rds_sg",
            "module.rds.data.aws_subnets.all",
            "module.rds.data.aws_vpc.default"
          ]
        }
      ]
    },
    {
      "module": "module.rds",
      "mode": "managed",
      "type": "aws_db_subnet_group",
      "name": "rds_subnet_group",
      "provider": "provider[\"registry.terraform.io/hashicorp/aws\"]",
      "instances": [
        {
          "schema_version": 0,
          "attributes": {
            "arn": "arn:aws:rds:us-east-1:392789866980:subgrp:travelhub-dev-authservice-subnet-group",
            "description": "Managed by Terraform",
            "id": "travelhub-dev-authservice-subnet-group",
            "name": "travelhub-dev-authservice-subnet-group",
            "name_prefix": "",
            "subnet_ids": [
              "subnet-037275ebe798d3f49",
              "subnet-0612f6b53a6445dd4",
              "subnet-072a1bac7455c1476",
              "subnet-085716ca62b482473"
            ],
            "supported_network_types": [
              "IPV4"
            ],
            "tags": {},
            "tags_all": {
              "owner": "grupo12",
              "terraform": "true"
            },
            "vpc_id": "vpc-0793a4fe4ecc90aec"
          },
          "sensitive_attributes": [],
          "identity_schema_version": 0,
          "private": "bnVsbA==",
          "dependencies": [
            "module.rds.data.aws_subnets.all",
            "module.rds.data.aws_vpc.default"
          ]
        }
      ]
    },
    {
      "module": "module.rds",
      "mode": "managed",
      "type": "aws_security_group",
      "name": "rds_sg",
      "provider": "provider[\"registry.terraform.io/hashicorp/aws\"]",
      "instances": [
        {
          "schema_version": 1,
          "attributes": {
            "arn": "arn:aws:ec2:us-east-1:392789866980:security-group/sg-0dcd3e8b1b2b2cd36",
            "description": "Permitir trafico de entrada a Postgres",
            "egress": [
              {
                "cidr_blocks": [
                  "0.0.0.0/0"
                ],
                "description": "",
                "from_port": 0,
                "ipv6_cidr_blocks": [],
                "prefix_list_ids": [],
                "protocol": "-1",
                "security_groups": [],
                "self": false,
                "to_port": 0
              }
            ],
            "id": "sg-0dcd3e8b1b2b2cd36",
            "ingress": [
              {
                "cidr_blocks": [
                  "0.0.0.0/0"
                ],
                "description": "",
                "from_port": 5432,
                "ipv6_cidr_blocks": [],
                "prefix_list_ids": [],
                "protocol": "tcp",
                "security_groups": [],
                "self": false,
                "to_port": 5432
              }
            ],
            "name": "travelhub-dev-authservice-sg",
            "name_prefix": "",
            "owner_id": "392789866980",
            "revoke_rules_on_delete": false,
            "tags": {},
            "tags_all": {
              "owner": "grupo12",
              "terraform": "true"
            },
            "timeouts": null,
            "vpc_id": "vpc-0793a4fe4ecc90aec"
          },
          "sensitive_attributes": [],
          "identity_schema_version": 0,
          "private": "eyJlMmJmYjczMC1lY2FhLTExZTYtOGY4OC0zNDM2M2JjN2M0YzAiOnsiY3JlYXRlIjo2MDAwMDAwMDAwMDAsImRlbGV0ZSI6OTAwMDAwMDAwMDAwfSwic2NoZW1hX3ZlcnNpb24iOiIxIn0=",
          "dependencies": [
            "module.rds.data.aws_vpc.default"
          ]
        }
      ]
    },
    {
      "module": "module.secrets_manager",
      "mode": "managed",
      "type": "aws_secretsmanager_secret",
      "name": "db_credentials",
      "provider": "provider[\"registry.terraform.io/hashicorp/aws\"]",
      "instances": [
        {
          "schema_version": 0,
          "attributes": {
            "arn": "arn:aws:secretsmanager:us-east-1:392789866980:secret:travelhub/dev/authservice/db-credentials56136a2a-U6c3k2",
            "description": "Secret for RDS database credentials including connection details",
            "force_overwrite_replica_secret": false,
            "id": "arn:aws:secretsmanager:us-east-1:392789866980:secret:travelhub/dev/authservice/db-credentials56136a2a-U6c3k2",
            "kms_key_id": "",
            "name": "travelhub/dev/authservice/db-credentials56136a2a",
            "name_prefix": "",
            "policy": "",
            "recovery_window_in_days": 30,
            "replica": [],
            "tags": {},
            "tags_all": {
              "owner": "grupo12",
              "terraform": "true"
            }
          },
          "sensitive_attributes": [],
          "identity_schema_version": 0,
          "private": "bnVsbA==",
          "dependencies": [
            "module.rds.aws_db_instance.mi_rds_postgres",
            "module.rds.aws_db_subnet_group.rds_subnet_group",
            "module.rds.aws_security_group.rds_sg",
            "module.rds.data.aws_subnets.all",
            "module.rds.data.aws_vpc.default",
            "module.secrets_manager.random_id.secret_suffix"
          ]
        }
      ]
    },
    {
      "module": "module.secrets_manager",
      "mode": "managed",
      "type": "aws_secretsmanager_secret_version",
      "name": "db_credentials_version",
      "provider": "provider[\"registry.terraform.io/hashicorp/aws\"]",
      "instances": [
        {
          "schema_version": 0,
          "attributes": {
            "arn": "arn:aws:secretsmanager:us-east-1:392789866980:secret:travelhub/dev/authservice/db-credentials56136a2a-U6c3k2",
            "has_secret_string_wo": null,
            "id": "arn:aws:secretsmanager:us-east-1:392789866980:secret:travelhub/dev/authservice/db-credentials56136a2a-U6c3k2|terraform-20260409174645879500000002",
            "secret_binary": "",
            "secret_id": "arn:aws:secretsmanager:us-east-1:392789866980:secret:travelhub/dev/authservice/db-credentials56136a2a-U6c3k2",
            "secret_string": "{\"dbname\":\"authservice_db\",\"engine\":\"postgres\",\"host\":\"travelhub-dev-authservice.cwfag2842c2y.us-east-1.rds.amazonaws.com\",\"password\":\"Grupo12.2026\",\"port\":5432,\"username\":\"travelhub\"}",
            "secret_string_wo": null,
            "secret_string_wo_version": null,
            "version_id": "terraform-20260409174645879500000002",
            "version_stages": [
              "AWSCURRENT"
            ]
          },
          "sensitive_attributes": [
            [
              {
                "type": "get_attr",
                "value": "secret_binary"
              }
            ],
            [
              {
                "type": "get_attr",
                "value": "secret_string"
              }
            ],
            [
              {
                "type": "get_attr",
                "value": "secret_string_wo"
              }
            ]
          ],
          "identity_schema_version": 0,
          "private": "bnVsbA==",
          "dependencies": [
            "module.rds.aws_db_instance.mi_rds_postgres",
            "module.rds.aws_db_subnet_group.rds_subnet_group",
            "module.rds.aws_security_group.rds_sg",
            "module.rds.data.aws_subnets.all",
            "module.rds.data.aws_vpc.default",
            "module.secrets_manager.aws_secretsmanager_secret.db_credentials",
            "module.secrets_manager.random_id.secret_suffix"
          ]
        }
      ]
    },
    {
      "module": "module.secrets_manager",
      "mode": "managed",
      "type": "random_id",
      "name": "secret_suffix",
      "provider": "provider[\"registry.terraform.io/hashicorp/random\"]",
      "instances": [
        {
          "schema_version": 0,
          "attributes": {
            "b64_std": "VhNqKg==",
            "b64_url": "VhNqKg",
            "byte_length": 4,
            "dec": "1444112938",
            "hex": "56136a2a",
            "id": "VhNqKg",
            "keepers": {
              "name_prefix": "travelhub/dev/authservice/db-credentials"
            },
            "prefix": null
          },
          "sensitive_attributes": [],
          "identity_schema_version": 0,
          "dependencies": [
            "module.rds.aws_db_instance.mi_rds_postgres",
            "module.rds.aws_db_subnet_group.rds_subnet_group",
            "module.rds.aws_security_group.rds_sg",
            "module.rds.data.aws_subnets.all",
            "module.rds.data.aws_vpc.default"
          ]
        }
      ]
    }
  ],
  "check_results": null
}
